
Microsoft Visual Studio Solution File, Format Version 12.00
# Visual Studio Version 16
VisualStudioVersion = 16.0.29519.181
MinimumVisualStudioVersion = 10.0.40219.1
Project("{FAE04EC0-301F-11D3-BF4B-00C04F79EFBC}") = "Resume", "Resume.csproj", "{898DDA17-5909-4402-BA7E-2232695EEB63}"
EndProject
Global
	GlobalSection(SolutionConfigurationPlatforms) = preSolution
		Debug|Any CPU = Debug|Any CPU
		Release|Any CPU = Release|Any CPU
	EndGlobalSection
	GlobalSection(ProjectConfigurationPlatforms) = postSolution
		{898DDA17-5909-4402-BA7E-2232695EEB63}.Debug|Any CPU.ActiveCfg = Debug|Any CPU
		{898DDA17-5909-4402-BA7E-2232695EEB63}.Debug|Any CPU.Build.0 = Debug|Any CPU
		{898DDA17-5909-4402-BA7E-2232695EEB63}.Release|Any CPU.ActiveCfg = Release|Any CPU
		{898DDA17-5909-4402-BA7E-2232695EEB63}.Release|Any CPU.Build.0 = Release|Any CPU
	EndGlobalSection
	GlobalSection(SolutionProperties) = preSolution
		HideSolutionNode = FALSE
	EndGlobalSection
	GlobalSection(ExtensibilityGlobals) = postSolution
		SolutionGuid = {843287A1-BFA2-4046-83E8-D423C38AFE28}
	EndGlobalSection
EndGlobal
